
Microsoft Visual Studio Solution File, Format Version 12.00
# Visual Studio Version 17
VisualStudioVersion = 17.3.32825.248
MinimumVisualStudioVersion = 10.0.40219.1
Project("{FAE04EC0-301F-11D3-BF4B-00C04F79EFBC}") = "CarShowroomApplication", "CarShowroomApplication\CarShowroomApplication.csproj", "{EDC7F939-8A07-4263-B22F-EA12E42D3934}"
EndProject
Project("{9A19103F-16F7-4668-BE54-9A1E7A4F7556}") = "carShowroomTests", "carShowroomTests\carShowroomTests.csproj", "{7B2885B8-2B4C-4CB6-93BC-F2C7406A1145}"
EndProject
Global
	GlobalSection(SolutionConfigurationPlatforms) = preSolution
		Debug|Any CPU = Debug|Any CPU
		Release|Any CPU = Release|Any CPU
	EndGlobalSection
	GlobalSection(ProjectConfigurationPlatforms) = postSolution
		{EDC7F939-8A07-4263-B22F-EA12E42D3934}.Debug|Any CPU.ActiveCfg = Debug|Any CPU
		{EDC7F939-8A07-4263-B22F-EA12E42D3934}.Debug|Any CPU.Build.0 = Debug|Any CPU
		{EDC7F939-8A07-4263-B22F-EA12E42D3934}.Release|Any CPU.ActiveCfg = Release|Any CPU
		{EDC7F939-8A07-4263-B22F-EA12E42D3934}.Release|Any CPU.Build.0 = Release|Any CPU
		{7B2885B8-2B4C-4CB6-93BC-F2C7406A1145}.Debug|Any CPU.ActiveCfg = Debug|Any CPU
		{7B2885B8-2B4C-4CB6-93BC-F2C7406A1145}.Debug|Any CPU.Build.0 = Debug|Any CPU
		{7B2885B8-2B4C-4CB6-93BC-F2C7406A1145}.Release|Any CPU.ActiveCfg = Release|Any CPU
		{7B2885B8-2B4C-4CB6-93BC-F2C7406A1145}.Release|Any CPU.Build.0 = Release|Any CPU
	EndGlobalSection
	GlobalSection(SolutionProperties) = preSolution
		HideSolutionNode = FALSE
	EndGlobalSection
	GlobalSection(ExtensibilityGlobals) = postSolution
		SolutionGuid = {E855A994-FC58-423A-A133-D0BFDFFE976B}
	EndGlobalSection
EndGlobal
